
Microsoft Visual Studio Solution File, Format Version 12.00
# Visual Studio 15
VisualStudioVersion = 15.0.28307.168
MinimumVisualStudioVersion = 10.0.40219.1
Project("{FAE04EC0-301F-11D3-BF4B-00C04F79EFBC}") = "Loops", "Loops\Loops.csproj", "{5717F1D8-D1E9-48A2-B6D3-71ACABFC6F9B}"
EndProject
Project("{FAE04EC0-301F-11D3-BF4B-00C04F79EFBC}") = "OOP", "OOP\OOP.csproj", "{6AA5027D-DC72-4E9F-9903-7AE7F7D5F5E0}"
EndProject
Project("{FAE04EC0-301F-11D3-BF4B-00C04F79EFBC}") = "MyCollections", "MyCollections\MyCollections.csproj", "{B6439EF6-7872-4EAE-BAF4-34A1B52921F3}"
EndProject
Global
	GlobalSection(SolutionConfigurationPlatforms) = preSolution
		Debug|Any CPU = Debug|Any CPU
		Release|Any CPU = Release|Any CPU
	EndGlobalSection
	GlobalSection(ProjectConfigurationPlatforms) = postSolution
		{5717F1D8-D1E9-48A2-B6D3-71ACABFC6F9B}.Debug|Any CPU.ActiveCfg = Debug|Any CPU
		{5717F1D8-D1E9-48A2-B6D3-71ACABFC6F9B}.Debug|Any CPU.Build.0 = Debug|Any CPU
		{5717F1D8-D1E9-48A2-B6D3-71ACABFC6F9B}.Release|Any CPU.ActiveCfg = Release|Any CPU
		{5717F1D8-D1E9-48A2-B6D3-71ACABFC6F9B}.Release|Any CPU.Build.0 = Release|Any CPU
		{6AA5027D-DC72-4E9F-9903-7AE7F7D5F5E0}.Debug|Any CPU.ActiveCfg = Debug|Any CPU
		{6AA5027D-DC72-4E9F-9903-7AE7F7D5F5E0}.Debug|Any CPU.Build.0 = Debug|Any CPU
		{6AA5027D-DC72-4E9F-9903-7AE7F7D5F5E0}.Release|Any CPU.ActiveCfg = Release|Any CPU
		{6AA5027D-DC72-4E9F-9903-7AE7F7D5F5E0}.Release|Any CPU.Build.0 = Release|Any CPU
		{B6439EF6-7872-4EAE-BAF4-34A1B52921F3}.Debug|Any CPU.ActiveCfg = Debug|Any CPU
		{B6439EF6-7872-4EAE-BAF4-34A1B52921F3}.Debug|Any CPU.Build.0 = Debug|Any CPU
		{B6439EF6-7872-4EAE-BAF4-34A1B52921F3}.Release|Any CPU.ActiveCfg = Release|Any CPU
		{B6439EF6-7872-4EAE-BAF4-34A1B52921F3}.Release|Any CPU.Build.0 = Release|Any CPU
	EndGlobalSection
	GlobalSection(SolutionProperties) = preSolution
		HideSolutionNode = FALSE
	EndGlobalSection
	GlobalSection(ExtensibilityGlobals) = postSolution
		SolutionGuid = {C54545BD-6752-44A9-9072-02F172572936}
	EndGlobalSection
EndGlobal
